// !$*UTF8*$!
{
	archiveVersion = 1;
	classes = {
	};
	objectVersion = 46;
	objects = {

/* Begin PBXBuildFile section */
		6C542C341F7086EE00A1BC9A /* ToDoViewController.swift in Sources */ = {isa = PBXBuildFile; fileRef = 6C542C331F7086EE00A1BC9A /* ToDoViewController.swift */; };
		6CD219D21F6DF541009A59C2 /* AppDelegate.swift in Sources */ = {isa = PBXBuildFile; fileRef = 6CD219D11F6DF541009A59C2 /* AppDelegate.swift */; };
		6CD219D41F6DF541009A59C2 /* ViewController.swift in Sources */ = {isa = PBXBuildFile; fileRef = 6CD219D31F6DF541009A59C2 /* ViewController.swift */; };
		6CD219D71F6DF541009A59C2 /* Main.storyboard in Resources */ = {isa = PBXBuildFile; fileRef = 6CD219D51F6DF541009A59C2 /* Main.storyboard */; };
		6CD219D91F6DF541009A59C2 /* Assets.xcassets in Resources */ = {isa = PBXBuildFile; fileRef = 6CD219D81F6DF541009A59C2 /* Assets.xcassets */; };
		6CD219DC1F6DF541009A59C2 /* LaunchScreen.storyboard in Resources */ = {isa = PBXBuildFile; fileRef = 6CD219DA1F6DF541009A59C2 /* LaunchScreen.storyboard */; };
		6CD219E41F6EB761009A59C2 /* ToDoModel.swift in Sources */ = {isa = PBXBuildFile; fileRef = 6CD219E31F6EB761009A59C2 /* ToDoModel.swift */; };
		6CD219E61F6EBA36009A59C2 /* ToDoTableViewController.swift in Sources */ = {isa = PBXBuildFile; fileRef = 6CD219E51F6EBA36009A59C2 /* ToDoTableViewController.swift */; };
/* End PBXBuildFile section */

/* Begin PBXFileReference section */
		6C542C331F7086EE00A1BC9A /* ToDoViewController.swift */ = {isa = PBXFileReference; fileEncoding = 4; lastKnownFileType = sourcecode.swift; path = ToDoViewController.swift; sourceTree = "<group>"; };
		6CD219CE1F6DF541009A59C2 /* ToDoList.app */ = {isa = PBXFileReference; explicitFileType = wrapper.application; includeInIndex = 0; path = ToDoList.app; sourceTree = BUILT_PRODUCTS_DIR; };
		6CD219D11F6DF541009A59C2 /* AppDelegate.swift */ = {isa = PBXFileReference; lastKnownFileType = sourcecode.swift; path = AppDelegate.swift; sourceTree = "<group>"; };
		6CD219D31F6DF541009A59C2 /* ViewController.swift */ = {isa = PBXFileReference; lastKnownFileType = sourcecode.swift; path = ViewController.swift; sourceTree = "<group>"; };
		6CD219D61F6DF541009A59C2 /* Base */ = {isa = PBXFileReference; lastKnownFileType = file.storyboard; name = Base; path = Base.lproj/Main.storyboard; sourceTree = "<group>"; };
		6CD219D81F6DF541009A59C2 /* Assets.xcassets */ = {isa = PBXFileReference; lastKnownFileType = folder.assetcatalog; path = Assets.xcassets; sourceTree = "<group>"; };
		6CD219DB1F6DF541009A59C2 /* Base */ = {isa = PBXFileReference; lastKnownFileType = file.storyboard; name = Base; path = Base.lproj/LaunchScreen.storyboard; sourceTree = "<group>"; };
		6CD219DD1F6DF541009A59C2 /* Info.plist */ = {isa = PBXFileReference; lastKnownFileType = text.plist.xml; path = Info.plist; sourceTree = "<group>"; };
		6CD219E31F6EB761009A59C2 /* ToDoModel.swift */ = {isa = PBXFileReference; fileEncoding = 4; lastKnownFileType = sourcecode.swift; path = ToDoModel.swift; sourceTree = "<group>"; };
		6CD219E51F6EBA36009A59C2 /* ToDoTableViewController.swift */ = {isa = PBXFileReference; fileEncoding = 4; lastKnownFileType = sourcecode.swift; path = ToDoTableViewController.swift; sourceTree = "<group>"; };
/* End PBXFileReference section */

/* Begin PBXFrameworksBuildPhase section */
		6CD219CB1F6DF541009A59C2 /* Frameworks */ = {
			isa = PBXFrameworksBuildPhase;
			buildActionMask = 2147483647;
			files = (
			);
			runOnlyForDeploymentPostprocessing = 0;
		};
/* End PBXFrameworksBuildPhase section */

/* Begin PBXGroup section */
		6CD219C51F6DF541009A59C2 = {
			isa = PBXGroup;
			children = (
				6CD219D01F6DF541009A59C2 /* ToDoList */,
				6CD219CF1F6DF541009A59C2 /* Products */,
			);
			sourceTree = "<group>";
		};
		6CD219CF1F6DF541009A59C2 /* Products */ = {
			isa = PBXGroup;
			children = (
				6CD219CE1F6DF541009A59C2 /* ToDoList.app */,
			);
			name = Products;
			sourceTree = "<group>";
		};
		6CD219D01F6DF541009A59C2 /* ToDoList */ = {
			isa = PBXGroup;
			children = (
				6CD219D11F6DF541009A59C2 /* AppDelegate.swift */,
				6CD219D31F6DF541009A59C2 /* ViewController.swift */,
				6CD219D51F6DF541009A59C2 /* Main.storyboard */,
				6CD219D81F6DF541009A59C2 /* Assets.xcassets */,
				6CD219DA1F6DF541009A59C2 /* LaunchScreen.storyboard */,
				6CD219DD1F6DF541009A59C2 /* Info.plist */,
				6CD219E31F6EB761009A59C2 /* ToDoModel.swift */,
				6CD219E51F6EBA36009A59C2 /* ToDoTableViewController.swift */,
				6C542C331F7086EE00A1BC9A /* ToDoViewController.swift */,
			);
			path = ToDoList;
			sourceTree = "<group>";
		};
/* End PBXGroup section */

/* Begin PBXNativeTarget section */
		6CD219CD1F6DF541009A59C2 /* ToDoList */ = {
			isa = PBXNativeTarget;
			buildConfigurationList = 6CD219E01F6DF541009A59C2 /* Build configuration list for PBXNativeTarget "ToDoList" */;
			buildPhases = (
				6CD219CA1F6DF541009A59C2 /* Sources */,
				6CD219CB1F6DF541009A59C2 /* Frameworks */,
				6CD219CC1F6DF541009A59C2 /* Resources */,
			);
			buildRules = (
			);
			dependencies = (
			);
			name = ToDoList;
			productName = ToDoList;
			productReference = 6CD219CE1F6DF541009A59C2 /* ToDoList.app */;
			productType = "com.apple.product-type.application";
		};
/* End PBXNativeTarget section */

/* Begin PBXProject section */
		6CD219C61F6DF541009A59C2 /* Project object */ = {
			isa = PBXProject;
			attributes = {
				LastSwiftUpdateCheck = 0830;
				LastUpgradeCheck = 0830;
				ORGANIZATIONNAME = EricWei;
				TargetAttributes = {
					6CD219CD1F6DF541009A59C2 = {
						CreatedOnToolsVersion = 8.3.3;
						ProvisioningStyle = Automatic;
					};
				};
			};
			buildConfigurationList = 6CD219C91F6DF541009A59C2 /* Build configuration list for PBXProject "ToDoList" */;
			compatibilityVersion = "Xcode 3.2";
			developmentRegion = English;
			hasScannedForEncodings = 0;
			knownRegions = (
				en,
				Base,
			);
			mainGroup = 6CD219C51F6DF541009A59C2;
			productRefGroup = 6CD219CF1F6DF541009A59C2 /* Products */;
			projectDirPath = "";
			projectRoot = "";
			targets = (
				6CD219CD1F6DF541009A59C2 /* ToDoList */,
			);
		};
/* End PBXProject section */

/* Begin PBXResourcesBuildPhase section */
		6CD219CC1F6DF541009A59C2 /* Resources */ = {
			isa = PBXResourcesBuildPhase;
			buildActionMask = 2147483647;
			files = (
				6CD219DC1F6DF541009A59C2 /* LaunchScreen.storyboard in Resources */,
				6CD219D91F6DF541009A59C2 /* Assets.xcassets in Resources */,
				6CD219D71F6DF541009A59C2 /* Main.storyboard in Resources */,
			);
			runOnlyForDeploymentPostprocessing = 0;
		};
/* End PBXResourcesBuildPhase section */

/* Begin PBXSourcesBuildPhase section */
		6CD219CA1F6DF541009A59C2 /* Sources */ = {
			isa = PBXSourcesBuildPhase;
			buildActionMask = 2147483647;
			files = (
				6C542C341F7086EE00A1BC9A /* ToDoViewController.swift in Sources */,
				6CD219D41F6DF541009A59C2 /* ViewController.swift in Sources */,
				6CD219E61F6EBA36009A59C2 /* ToDoTableViewController.swift in Sources */,
				6CD219D21F6DF541009A59C2 /* AppDelegate.swift in Sources */,
				6CD219E41F6EB761009A59C2 /* ToDoModel.swift in Sources */,
			);
			runOnlyForDeploymentPostprocessing = 0;
		};
/* End PBXSourcesBuildPhase section */

/* Begin PBXVariantGroup section */
		6CD219D51F6DF541009A59C2 /* Main.storyboard */ = {
			isa = PBXVariantGroup;
			children = (
				6CD219D61F6DF541009A59C2 /* Base */,
			);
			name = Main.storyboard;
			sourceTree = "<group>";
		};
		6CD219DA1F6DF541009A59C2 /* LaunchScreen.storyboard */ = {
			isa = PBXVariantGroup;
			children = (
				6CD219DB1F6DF541009A59C2 /* Base */,
			);
			name = LaunchScreen.storyboard;
			sourceTree = "<group>";
		};
/* End PBXVariantGroup section */

/* Begin XCBuildConfiguration section */
		6CD219DE1F6DF541009A59C2 /* Debug */ = {
			isa = XCBuildConfiguration;
			buildSettings = {
				ALWAYS_SEARCH_USER_PATHS = NO;
				CLANG_ANALYZER_NONNULL = YES;
				CLANG_ANALYZER_NUMBER_OBJECT_CONVERSION = YES_AGGRESSIVE;
				CLANG_CXX_LANGUAGE_STANDARD = "gnu++0x";
				CLANG_CXX_LIBRARY = "libc++";
				CLANG_ENABLE_MODULES = YES;
				CLANG_ENABLE_OBJC_ARC = YES;
				CLANG_WARN_BOOL_CONVERSION = YES;
				CLANG_WARN_CONSTANT_CONVERSION = YES;
				CLANG_WARN_DIRECT_OBJC_ISA_USAGE = YES_ERROR;
				CLANG_WARN_DOCUMENTATION_COMMENTS = YES;
				CLANG_WARN_EMPTY_BODY = YES;
				CLANG_WARN_ENUM_CONVERSION = YES;
				CLANG_WARN_INFINITE_RECURSION = YES;
				CLANG_WARN_INT_CONVERSION = YES;
				CLANG_WARN_OBJC_ROOT_CLASS = YES_ERROR;
				CLANG_WARN_SUSPICIOUS_MOVE = YES;
				CLANG_WARN_UNREACHABLE_CODE = YES;
				CLANG_WARN__DUPLICATE_METHOD_MATCH = YES;
				"CODE_SIGN_IDENTITY[sdk=iphoneos*]" = "iPhone Developer";
				COPY_PHASE_STRIP = NO;
				DEBUG_INFORMATION_FORMAT = dwarf;
				ENABLE_STRICT_OBJC_MSGSEND = YES;
				ENABLE_TESTABILITY = YES;
				GCC_C_LANGUAGE_STANDARD = gnu99;
				GCC_DYNAMIC_NO_PIC = NO;
				GCC_NO_COMMON_BLOCKS = YES;
				GCC_OPTIMIZATION_LEVEL = 0;
				GCC_PREPROCESSOR_DEFINITIONS = (
					"DEBUG=1",
					"$(inherited)",
				);
				GCC_WARN_64_TO_32_BIT_CONVERSION = YES;
				GCC_WARN_ABOUT_RETURN_TYPE = YES_ERROR;
				GCC_WARN_UNDECLARED_SELECTOR = YES;
				GCC_WARN_UNINITIALIZED_AUTOS = YES_AGGRESSIVE;
				GCC_WARN_UNUSED_FUNCTION = YES;
				GCC_WARN_UNUSED_VARIABLE = YES;
				IPHONEOS_DEPLOYMENT_TARGET = 10.3;
				MTL_ENABLE_DEBUG_INFO = YES;
				ONLY_ACTIVE_ARCH = YES;
				SDKROOT = iphoneos;
				SWIFT_ACTIVE_COMPILATION_CONDITIONS = DEBUG;
				SWIFT_OPTIMIZATION_LEVEL = "-Onone";
				TARGETED_DEVICE_FAMILY = "1,2";
			};
			name = Debug;
		};
		6CD219DF1F6DF541009A59C2 /* Release */ = {
			isa = XCBuildConfiguration;
			buildSettings = {
				ALWAYS_SEARCH_USER_PATHS = NO;
				CLANG_ANALYZER_NONNULL = YES;
				CLANG_ANALYZER_NUMBER_OBJECT_CONVERSION = YES_AGGRESSIVE;
				CLANG_CXX_LANGUAGE_STANDARD = "gnu++0x";
				CLANG_CXX_LIBRARY = "libc++";
				CLANG_ENABLE_MODULES = YES;
				CLANG_ENABLE_OBJC_ARC = YES;
				CLANG_WARN_BOOL_CONVERSION = YES;
				CLANG_WARN_CONSTANT_CONVERSION = YES;
				CLANG_WARN_DIRECT_OBJC_ISA_USAGE = YES_ERROR;
				CLANG_WARN_DOCUMENTATION_COMMENTS = YES;
				CLANG_WARN_EMPTY_BODY = YES;
				CLANG_WARN_ENUM_CONVERSION = YES;
				CLANG_WARN_INFINITE_RECURSION = YES;
				CLANG_WARN_INT_CONVERSION = YES;
				CLANG_WARN_OBJC_ROOT_CLASS = YES_ERROR;
				CLANG_WARN_SUSPICIOUS_MOVE = YES;
				CLANG_WARN_UNREACHABLE_CODE = YES;
				CLANG_WARN__DUPLICATE_METHOD_MATCH = YES;
				"CODE_SIGN_IDENTITY[sdk=iphoneos*]" = "iPhone Developer";
				COPY_PHASE_STRIP = NO;
				DEBUG_INFORMATION_FORMAT = "dwarf-with-dsym";
				ENABLE_NS_ASSERTIONS = NO;
				ENABLE_STRICT_OBJC_MSGSEND = YES;
				GCC_C_LANGUAGE_STANDARD = gnu99;
				GCC_NO_COMMON_BLOCKS = YES;
				GCC_WARN_64_TO_32_BIT_CONVERSION = YES;
				GCC_WARN_ABOUT_RETURN_TYPE = YES_ERROR;
				GCC_WARN_UNDECLARED_SELECTOR = YES;
				GCC_WARN_UNINITIALIZED_AUTOS = YES_AGGRESSIVE;
				GCC_WARN_UNUSED_FUNCTION = YES;
				GCC_WARN_UNUSED_VARIABLE = YES;
				IPHONEOS_DEPLOYMENT_TARGET = 10.3;
				MTL_ENABLE_DEBUG_INFO = NO;
				SDKROOT = iphoneos;
				SWIFT_OPTIMIZATION_LEVEL = "-Owholemodule";
				TARGETED_DEVICE_FAMILY = "1,2";
				VALIDATE_PRODUCT = YES;
			};
			name = Release;
		};
		6CD219E11F6DF541009A59C2 /* Debug */ = {
			isa = XCBuildConfiguration;
			buildSettings = {
				ASSETCATALOG_COMPILER_APPICON_NAME = AppIcon;
				INFOPLIST_FILE = ToDoList/Info.plist;
				LD_RUNPATH_SEARCH_PATHS = "$(inherited) @executable_path/Frameworks";
				PRODUCT_BUNDLE_IDENTIFIER = com.ericwei.ToDoList;
				PRODUCT_NAME = "$(TARGET_NAME)";
				SWIFT_VERSION = 3.0;
			};
			name = Debug;
		};
		6CD219E21F6DF541009A59C2 /* Release */ = {
			isa = XCBuildConfiguration;
			buildSettings = {
				ASSETCATALOG_COMPILER_APPICON_NAME = AppIcon;
				INFOPLIST_FILE = ToDoList/Info.plist;
				LD_RUNPATH_SEARCH_PATHS = "$(inherited) @executable_path/Frameworks";
				PRODUCT_BUNDLE_IDENTIFIER = com.ericwei.ToDoList;
				PRODUCT_NAME = "$(TARGET_NAME)";
				SWIFT_VERSION = 3.0;
			};
			name = Release;
		};
/* End XCBuildConfiguration section */

/* Begin XCConfigurationList section */
		6CD219C91F6DF541009A59C2 /* Build configuration list for PBXProject "ToDoList" */ = {
			isa = XCConfigurationList;
			buildConfigurations = (
				6CD219DE1F6DF541009A59C2 /* Debug */,
				6CD219DF1F6DF541009A59C2 /* Release */,
			);
			defaultConfigurationIsVisible = 0;
			defaultConfigurationName = Release;
		};
		6CD219E01F6DF541009A59C2 /* Build configuration list for PBXNativeTarget "ToDoList" */ = {
			isa = XCConfigurationList;
			buildConfigurations = (
				6CD219E11F6DF541009A59C2 /* Debug */,
				6CD219E21F6DF541009A59C2 /* Release */,
			);
			defaultConfigurationIsVisible = 0;
			defaultConfigurationName = Release;
		};
/* End XCConfigurationList section */
	};
	rootObject = 6CD219C61F6DF541009A59C2 /* Project object */;
}
